
Microsoft Visual Studio Solution File, Format Version 12.00
# Visual Studio Version 16
VisualStudioVersion = 16.0.31321.278
MinimumVisualStudioVersion = 10.0.40219.1
Project("{9A19103F-16F7-4668-BE54-9A1E7A4F7556}") = "DataAccess", "DataAccess\DataAccess.csproj", "{8D6E9C79-D2A1-4868-A1CE-4D628CC81215}"
EndProject
Project("{9A19103F-16F7-4668-BE54-9A1E7A4F7556}") = "WebAPI", "WebAPI\WebAPI.csproj", "{93365172-E11D-48BD-AB4A-F5D35C742A6F}"
EndProject
Global
	GlobalSection(SolutionConfigurationPlatforms) = preSolution
		Debug|Any CPU = Debug|Any CPU
		Release|Any CPU = Release|Any CPU
	EndGlobalSection
	GlobalSection(ProjectConfigurationPlatforms) = postSolution
		{8D6E9C79-D2A1-4868-A1CE-4D628CC81215}.Debug|Any CPU.ActiveCfg = Debug|Any CPU
		{8D6E9C79-D2A1-4868-A1CE-4D628CC81215}.Debug|Any CPU.Build.0 = Debug|Any CPU
		{8D6E9C79-D2A1-4868-A1CE-4D628CC81215}.Release|Any CPU.ActiveCfg = Release|Any CPU
		{8D6E9C79-D2A1-4868-A1CE-4D628CC81215}.Release|Any CPU.Build.0 = Release|Any CPU
		{93365172-E11D-48BD-AB4A-F5D35C742A6F}.Debug|Any CPU.ActiveCfg = Debug|Any CPU
		{93365172-E11D-48BD-AB4A-F5D35C742A6F}.Debug|Any CPU.Build.0 = Debug|Any CPU
		{93365172-E11D-48BD-AB4A-F5D35C742A6F}.Release|Any CPU.ActiveCfg = Release|Any CPU
		{93365172-E11D-48BD-AB4A-F5D35C742A6F}.Release|Any CPU.Build.0 = Release|Any CPU
	EndGlobalSection
	GlobalSection(SolutionProperties) = preSolution
		HideSolutionNode = FALSE
	EndGlobalSection
	GlobalSection(ExtensibilityGlobals) = postSolution
		SolutionGuid = {0BEBAF89-4D40-42D2-8E08-FCF0BB03B958}
	EndGlobalSection
EndGlobal
